
Microsoft Visual Studio Solution File, Format Version 12.00
# Visual Studio Version 17
VisualStudioVersion = 17.2.32616.157
MinimumVisualStudioVersion = 10.0.40219.1
Project("{F2A71F9B-5D33-465A-A702-920D77279786}") = "FsharpExploreTuples", "FsharpExploreTuples\FsharpExploreTuples.fsproj", "{DF07D11E-2F48-43E1-83F8-B9FF6FB21AC6}"
EndProject
Global
	GlobalSection(SolutionConfigurationPlatforms) = preSolution
		Debug|Any CPU = Debug|Any CPU
		Release|Any CPU = Release|Any CPU
	EndGlobalSection
	GlobalSection(ProjectConfigurationPlatforms) = postSolution
		{DF07D11E-2F48-43E1-83F8-B9FF6FB21AC6}.Debug|Any CPU.ActiveCfg = Debug|Any CPU
		{DF07D11E-2F48-43E1-83F8-B9FF6FB21AC6}.Debug|Any CPU.Build.0 = Debug|Any CPU
		{DF07D11E-2F48-43E1-83F8-B9FF6FB21AC6}.Release|Any CPU.ActiveCfg = Release|Any CPU
		{DF07D11E-2F48-43E1-83F8-B9FF6FB21AC6}.Release|Any CPU.Build.0 = Release|Any CPU
	EndGlobalSection
	GlobalSection(SolutionProperties) = preSolution
		HideSolutionNode = FALSE
	EndGlobalSection
	GlobalSection(ExtensibilityGlobals) = postSolution
		SolutionGuid = {A2F82943-28AE-475D-82C4-DD9DBDA6CEA2}
	EndGlobalSection
EndGlobal
